
Microsoft Visual Studio Solution File, Format Version 12.00
# Visual Studio Version 17
VisualStudioVersion = 17.0.31903.59
MinimumVisualStudioVersion = 10.0.40219.1
Project("{FAE04EC0-301F-11D3-BF4B-00C04F79EFBC}") = "ConsoleApp1", "ConsoleApp1\ConsoleApp1.csproj", "{DC453D27-0DE9-40CA-BD9E-9D4DFE66E9ED}"
EndProject
Project("{FAE04EC0-301F-11D3-BF4B-00C04F79EFBC}") = "Project 2", "Project 2\Project 2.csproj", "{DFA1AC54-A755-4FC9-9C6B-E2703679042A}"
EndProject
Project("{FAE04EC0-301F-11D3-BF4B-00C04F79EFBC}") = "Project 1", "Project 1\Project 1.csproj", "{7126352E-9B53-4BE7-A08A-A6099F58436F}"
EndProject
Project("{FAE04EC0-301F-11D3-BF4B-00C04F79EFBC}") = "Project 3", "Project 3\Project 3.csproj", "{1A53FC5A-94F4-4E39-9890-BB16A563C7E2}"
EndProject
Project("{FAE04EC0-301F-11D3-BF4B-00C04F79EFBC}") = "Project 4", "Project 4\Project 4.csproj", "{F5804E0D-65EC-48FA-BCE3-0B16D88F2544}"
EndProject
Project("{FAE04EC0-301F-11D3-BF4B-00C04F79EFBC}") = "Project 5", "Project 5\Project 5.csproj", "{AAB360CB-9D80-47EF-B6A8-11AE0461676E}"
EndProject
Project("{FAE04EC0-301F-11D3-BF4B-00C04F79EFBC}") = "Project 6", "Project 6\Project 6.csproj", "{91CC8502-AAC3-4477-8D54-3085AA3A40D4}"
EndProject
Project("{FAE04EC0-301F-11D3-BF4B-00C04F79EFBC}") = "Project 7", "Project 7\Project 7.csproj", "{111116A2-DF9C-4671-89FB-F198C430CF39}"
EndProject
Project("{FAE04EC0-301F-11D3-BF4B-00C04F79EFBC}") = "Project 8", "Project 8\Project 8.csproj", "{A0DDC500-3E81-400E-8FD0-2027691474E9}"
EndProject
Project("{FAE04EC0-301F-11D3-BF4B-00C04F79EFBC}") = "Project 9", "Project 9\Project 9.csproj", "{226713A4-3FC4-49F9-936E-4CCF4F523405}"
EndProject
Project("{FAE04EC0-301F-11D3-BF4B-00C04F79EFBC}") = "Project 10", "Project 10\Project 10.csproj", "{1F54ED7A-5725-4EDF-92E7-C9768FDE8744}"
EndProject
Project("{FAE04EC0-301F-11D3-BF4B-00C04F79EFBC}") = "Project 11", "Project 11\Project 11.csproj", "{AF797425-DB95-4A51-B26A-A665B38C1940}"
EndProject
Project("{FAE04EC0-301F-11D3-BF4B-00C04F79EFBC}") = "Project 12", "Project 12\Project 12.csproj", "{EDC196CA-D4AF-467D-93F0-DE29D454FD58}"
EndProject
Project("{FAE04EC0-301F-11D3-BF4B-00C04F79EFBC}") = "Project 13", "Project 13\Project 13.csproj", "{B28B8634-3A31-4DD5-B40F-A1D1A5C3BDAA}"
EndProject
Global
	GlobalSection(SolutionConfigurationPlatforms) = preSolution
		Debug|Any CPU = Debug|Any CPU
		Release|Any CPU = Release|Any CPU
	EndGlobalSection
	GlobalSection(SolutionProperties) = preSolution
		HideSolutionNode = FALSE
	EndGlobalSection
	GlobalSection(ProjectConfigurationPlatforms) = postSolution
		{DC453D27-0DE9-40CA-BD9E-9D4DFE66E9ED}.Debug|Any CPU.ActiveCfg = Debug|Any CPU
		{DC453D27-0DE9-40CA-BD9E-9D4DFE66E9ED}.Debug|Any CPU.Build.0 = Debug|Any CPU
		{DC453D27-0DE9-40CA-BD9E-9D4DFE66E9ED}.Release|Any CPU.ActiveCfg = Release|Any CPU
		{DC453D27-0DE9-40CA-BD9E-9D4DFE66E9ED}.Release|Any CPU.Build.0 = Release|Any CPU
		{DFA1AC54-A755-4FC9-9C6B-E2703679042A}.Debug|Any CPU.ActiveCfg = Debug|Any CPU
		{DFA1AC54-A755-4FC9-9C6B-E2703679042A}.Debug|Any CPU.Build.0 = Debug|Any CPU
		{DFA1AC54-A755-4FC9-9C6B-E2703679042A}.Release|Any CPU.ActiveCfg = Release|Any CPU
		{DFA1AC54-A755-4FC9-9C6B-E2703679042A}.Release|Any CPU.Build.0 = Release|Any CPU
		{7126352E-9B53-4BE7-A08A-A6099F58436F}.Debug|Any CPU.ActiveCfg = Debug|Any CPU
		{7126352E-9B53-4BE7-A08A-A6099F58436F}.Debug|Any CPU.Build.0 = Debug|Any CPU
		{7126352E-9B53-4BE7-A08A-A6099F58436F}.Release|Any CPU.ActiveCfg = Release|Any CPU
		{7126352E-9B53-4BE7-A08A-A6099F58436F}.Release|Any CPU.Build.0 = Release|Any CPU
		{1A53FC5A-94F4-4E39-9890-BB16A563C7E2}.Debug|Any CPU.ActiveCfg = Debug|Any CPU
		{1A53FC5A-94F4-4E39-9890-BB16A563C7E2}.Debug|Any CPU.Build.0 = Debug|Any CPU
		{1A53FC5A-94F4-4E39-9890-BB16A563C7E2}.Release|Any CPU.ActiveCfg = Release|Any CPU
		{1A53FC5A-94F4-4E39-9890-BB16A563C7E2}.Release|Any CPU.Build.0 = Release|Any CPU
		{F5804E0D-65EC-48FA-BCE3-0B16D88F2544}.Debug|Any CPU.ActiveCfg = Debug|Any CPU
		{F5804E0D-65EC-48FA-BCE3-0B16D88F2544}.Debug|Any CPU.Build.0 = Debug|Any CPU
		{F5804E0D-65EC-48FA-BCE3-0B16D88F2544}.Release|Any CPU.ActiveCfg = Release|Any CPU
		{F5804E0D-65EC-48FA-BCE3-0B16D88F2544}.Release|Any CPU.Build.0 = Release|Any CPU
		{AAB360CB-9D80-47EF-B6A8-11AE0461676E}.Debug|Any CPU.ActiveCfg = Debug|Any CPU
		{AAB360CB-9D80-47EF-B6A8-11AE0461676E}.Debug|Any CPU.Build.0 = Debug|Any CPU
		{AAB360CB-9D80-47EF-B6A8-11AE0461676E}.Release|Any CPU.ActiveCfg = Release|Any CPU
		{AAB360CB-9D80-47EF-B6A8-11AE0461676E}.Release|Any CPU.Build.0 = Release|Any CPU
		{91CC8502-AAC3-4477-8D54-3085AA3A40D4}.Debug|Any CPU.ActiveCfg = Debug|Any CPU
		{91CC8502-AAC3-4477-8D54-3085AA3A40D4}.Debug|Any CPU.Build.0 = Debug|Any CPU
		{91CC8502-AAC3-4477-8D54-3085AA3A40D4}.Release|Any CPU.ActiveCfg = Release|Any CPU
		{91CC8502-AAC3-4477-8D54-3085AA3A40D4}.Release|Any CPU.Build.0 = Release|Any CPU
		{111116A2-DF9C-4671-89FB-F198C430CF39}.Debug|Any CPU.ActiveCfg = Debug|Any CPU
		{111116A2-DF9C-4671-89FB-F198C430CF39}.Debug|Any CPU.Build.0 = Debug|Any CPU
		{111116A2-DF9C-4671-89FB-F198C430CF39}.Release|Any CPU.ActiveCfg = Release|Any CPU
		{111116A2-DF9C-4671-89FB-F198C430CF39}.Release|Any CPU.Build.0 = Release|Any CPU
		{A0DDC500-3E81-400E-8FD0-2027691474E9}.Debug|Any CPU.ActiveCfg = Debug|Any CPU
		{A0DDC500-3E81-400E-8FD0-2027691474E9}.Debug|Any CPU.Build.0 = Debug|Any CPU
		{A0DDC500-3E81-400E-8FD0-2027691474E9}.Release|Any CPU.ActiveCfg = Release|Any CPU
		{A0DDC500-3E81-400E-8FD0-2027691474E9}.Release|Any CPU.Build.0 = Release|Any CPU
		{226713A4-3FC4-49F9-936E-4CCF4F523405}.Debug|Any CPU.ActiveCfg = Debug|Any CPU
		{226713A4-3FC4-49F9-936E-4CCF4F523405}.Debug|Any CPU.Build.0 = Debug|Any CPU
		{226713A4-3FC4-49F9-936E-4CCF4F523405}.Release|Any CPU.ActiveCfg = Release|Any CPU
		{226713A4-3FC4-49F9-936E-4CCF4F523405}.Release|Any CPU.Build.0 = Release|Any CPU
		{1F54ED7A-5725-4EDF-92E7-C9768FDE8744}.Debug|Any CPU.ActiveCfg = Debug|Any CPU
		{1F54ED7A-5725-4EDF-92E7-C9768FDE8744}.Debug|Any CPU.Build.0 = Debug|Any CPU
		{1F54ED7A-5725-4EDF-92E7-C9768FDE8744}.Release|Any CPU.ActiveCfg = Release|Any CPU
		{1F54ED7A-5725-4EDF-92E7-C9768FDE8744}.Release|Any CPU.Build.0 = Release|Any CPU
		{AF797425-DB95-4A51-B26A-A665B38C1940}.Debug|Any CPU.ActiveCfg = Debug|Any CPU
		{AF797425-DB95-4A51-B26A-A665B38C1940}.Debug|Any CPU.Build.0 = Debug|Any CPU
		{AF797425-DB95-4A51-B26A-A665B38C1940}.Release|Any CPU.ActiveCfg = Release|Any CPU
		{AF797425-DB95-4A51-B26A-A665B38C1940}.Release|Any CPU.Build.0 = Release|Any CPU
		{EDC196CA-D4AF-467D-93F0-DE29D454FD58}.Debug|Any CPU.ActiveCfg = Debug|Any CPU
		{EDC196CA-D4AF-467D-93F0-DE29D454FD58}.Debug|Any CPU.Build.0 = Debug|Any CPU
		{EDC196CA-D4AF-467D-93F0-DE29D454FD58}.Release|Any CPU.ActiveCfg = Release|Any CPU
		{EDC196CA-D4AF-467D-93F0-DE29D454FD58}.Release|Any CPU.Build.0 = Release|Any CPU
		{B28B8634-3A31-4DD5-B40F-A1D1A5C3BDAA}.Debug|Any CPU.ActiveCfg = Debug|Any CPU
		{B28B8634-3A31-4DD5-B40F-A1D1A5C3BDAA}.Debug|Any CPU.Build.0 = Debug|Any CPU
		{B28B8634-3A31-4DD5-B40F-A1D1A5C3BDAA}.Release|Any CPU.ActiveCfg = Release|Any CPU
		{B28B8634-3A31-4DD5-B40F-A1D1A5C3BDAA}.Release|Any CPU.Build.0 = Release|Any CPU
	EndGlobalSection
EndGlobal
