
Microsoft Visual Studio Solution File, Format Version 12.00
# Visual Studio Version 17
VisualStudioVersion = 17.0.31903.59
MinimumVisualStudioVersion = 10.0.40219.1
Project("{FAE04EC0-301F-11D3-BF4B-00C04F79EFBC}") = "ConsoleApp1", "ConsoleApp1\ConsoleApp1.csproj", "{DC453D27-0DE9-40CA-BD9E-9D4DFE66E9ED}"
EndProject
Global
	GlobalSection(SolutionConfigurationPlatforms) = preSolution
		Debug|Any CPU = Debug|Any CPU
		Release|Any CPU = Release|Any CPU
	EndGlobalSection
	GlobalSection(SolutionProperties) = preSolution
		HideSolutionNode = FALSE
	EndGlobalSection
	GlobalSection(ProjectConfigurationPlatforms) = postSolution
		{DC453D27-0DE9-40CA-BD9E-9D4DFE66E9ED}.Debug|Any CPU.ActiveCfg = Debug|Any CPU
		{DC453D27-0DE9-40CA-BD9E-9D4DFE66E9ED}.Debug|Any CPU.Build.0 = Debug|Any CPU
		{DC453D27-0DE9-40CA-BD9E-9D4DFE66E9ED}.Release|Any CPU.ActiveCfg = Release|Any CPU
		{DC453D27-0DE9-40CA-BD9E-9D4DFE66E9ED}.Release|Any CPU.Build.0 = Release|Any CPU
	EndGlobalSection
EndGlobal
